
Microsoft Visual Studio Solution File, Format Version 12.00
# Visual Studio 15
VisualStudioVersion = 15.0.28010.2016
MinimumVisualStudioVersion = 10.0.40219.1
Project("{FAE04EC0-301F-11D3-BF4B-00C04F79EFBC}") = "topic6", "topic6\topic6.csproj", "{F54333AB-31F3-4C5A-B67C-43994D03596C}"
EndProject
Project("{FAE04EC0-301F-11D3-BF4B-00C04F79EFBC}") = "topic7", "topic7\topic7.csproj", "{7663070D-67B1-4051-A518-0B9112710260}"
EndProject
Project("{FAE04EC0-301F-11D3-BF4B-00C04F79EFBC}") = "topic9", "topic9\topic9.csproj", "{18609F1E-6848-45D5-AC17-9B7837EDEC70}"
EndProject
Global
	GlobalSection(SolutionConfigurationPlatforms) = preSolution
		Debug|Any CPU = Debug|Any CPU
		Release|Any CPU = Release|Any CPU
	EndGlobalSection
	GlobalSection(ProjectConfigurationPlatforms) = postSolution
		{F54333AB-31F3-4C5A-B67C-43994D03596C}.Debug|Any CPU.ActiveCfg = Debug|Any CPU
		{F54333AB-31F3-4C5A-B67C-43994D03596C}.Debug|Any CPU.Build.0 = Debug|Any CPU
		{F54333AB-31F3-4C5A-B67C-43994D03596C}.Release|Any CPU.ActiveCfg = Release|Any CPU
		{F54333AB-31F3-4C5A-B67C-43994D03596C}.Release|Any CPU.Build.0 = Release|Any CPU
		{7663070D-67B1-4051-A518-0B9112710260}.Debug|Any CPU.ActiveCfg = Debug|Any CPU
		{7663070D-67B1-4051-A518-0B9112710260}.Debug|Any CPU.Build.0 = Debug|Any CPU
		{7663070D-67B1-4051-A518-0B9112710260}.Release|Any CPU.ActiveCfg = Release|Any CPU
		{7663070D-67B1-4051-A518-0B9112710260}.Release|Any CPU.Build.0 = Release|Any CPU
		{18609F1E-6848-45D5-AC17-9B7837EDEC70}.Debug|Any CPU.ActiveCfg = Debug|Any CPU
		{18609F1E-6848-45D5-AC17-9B7837EDEC70}.Debug|Any CPU.Build.0 = Debug|Any CPU
		{18609F1E-6848-45D5-AC17-9B7837EDEC70}.Release|Any CPU.ActiveCfg = Release|Any CPU
		{18609F1E-6848-45D5-AC17-9B7837EDEC70}.Release|Any CPU.Build.0 = Release|Any CPU
	EndGlobalSection
	GlobalSection(SolutionProperties) = preSolution
		HideSolutionNode = FALSE
	EndGlobalSection
	GlobalSection(ExtensibilityGlobals) = postSolution
		SolutionGuid = {F37E5BA9-1BCA-4282-84E5-7CC2D1339AB7}
	EndGlobalSection
EndGlobal
